
Microsoft Visual Studio Solution File, Format Version 12.00
# Visual Studio 2013
VisualStudioVersion = 12.0.31101.0
MinimumVisualStudioVersion = 10.0.40219.1
Project("{FAE04EC0-301F-11D3-BF4B-00C04F79EFBC}") = "CS.DesafioGlaucia.WebApi", "src\CS.DesafioGlaucia.WebApi\CS.DesafioGlaucia.WebApi.csproj", "{46E9D819-FD10-47FF-B130-BD8BD614FE18}"
EndProject
Project("{FAE04EC0-301F-11D3-BF4B-00C04F79EFBC}") = "CS.DesafioGlaucia.Web", "src\CS.DesafioGlaucia.Web\CS.DesafioGlaucia.Web.csproj", "{DCE2D530-6C35-4C9D-96D5-DD8979D43172}"
EndProject
Project("{FAE04EC0-301F-11D3-BF4B-00C04F79EFBC}") = "CS.DesafioGlaucia.ResourceServer", "src\CS.DesafioGlaucia.ResourceServer\CS.DesafioGlaucia.ResourceServer.csproj", "{1D02E328-8CFC-47E9-839E-A28358EE005E}"
EndProject
Global
	GlobalSection(SolutionConfigurationPlatforms) = preSolution
		Debug|Any CPU = Debug|Any CPU
		Release|Any CPU = Release|Any CPU
	EndGlobalSection
	GlobalSection(ProjectConfigurationPlatforms) = postSolution
		{46E9D819-FD10-47FF-B130-BD8BD614FE18}.Debug|Any CPU.ActiveCfg = Debug|Any CPU
		{46E9D819-FD10-47FF-B130-BD8BD614FE18}.Debug|Any CPU.Build.0 = Debug|Any CPU
		{46E9D819-FD10-47FF-B130-BD8BD614FE18}.Release|Any CPU.ActiveCfg = Release|Any CPU
		{46E9D819-FD10-47FF-B130-BD8BD614FE18}.Release|Any CPU.Build.0 = Release|Any CPU
		{DCE2D530-6C35-4C9D-96D5-DD8979D43172}.Debug|Any CPU.ActiveCfg = Debug|Any CPU
		{DCE2D530-6C35-4C9D-96D5-DD8979D43172}.Debug|Any CPU.Build.0 = Debug|Any CPU
		{DCE2D530-6C35-4C9D-96D5-DD8979D43172}.Release|Any CPU.ActiveCfg = Release|Any CPU
		{DCE2D530-6C35-4C9D-96D5-DD8979D43172}.Release|Any CPU.Build.0 = Release|Any CPU
		{1D02E328-8CFC-47E9-839E-A28358EE005E}.Debug|Any CPU.ActiveCfg = Debug|Any CPU
		{1D02E328-8CFC-47E9-839E-A28358EE005E}.Debug|Any CPU.Build.0 = Debug|Any CPU
		{1D02E328-8CFC-47E9-839E-A28358EE005E}.Release|Any CPU.ActiveCfg = Release|Any CPU
		{1D02E328-8CFC-47E9-839E-A28358EE005E}.Release|Any CPU.Build.0 = Release|Any CPU
	EndGlobalSection
	GlobalSection(SolutionProperties) = preSolution
		HideSolutionNode = FALSE
	EndGlobalSection
EndGlobal
